# THIS IS AN AUTOGENERATED FILE. DO NOT EDIT THIS FILE DIRECTLY.
# yarn lockfile v1


base64-arraybuffer@^0.2.0:
  version "0.2.0"
  resolved "https://registry.yarnpkg.com/base64-arraybuffer/-/base64-arraybuffer-0.2.0.tgz#4b944fac0191aa5907afe2d8c999ccc57ce80f45"
  integrity sha512-7emyCsu1/xiBXgQZrscw/8KPRT44I4Yq9Pe6EGs3aPRTsWuggML1/1DTuZUuIaJPIm1FTDUVXl4x/yW8s0kQDQ==

confusing-browser-globals@^1.0.9:
  version "1.0.9"
  resolved "https://registry.yarnpkg.com/confusing-browser-globals/-/confusing-browser-globals-1.0.9.tgz#72bc13b483c0276801681871d4898516f8f54fdd"
  integrity sha512-KbS1Y0jMtyPgIxjO7ZzMAuUpAKMt1SzCL9fsrKsX6b0zJPTaT0SiSPmewwVZg9UAO83HVIlEhZF84LIjZ0lmAw==

copy-to-clipboard@^3:
  version "3.2.0"
  resolved "https://registry.yarnpkg.com/copy-to-clipboard/-/copy-to-clipboard-3.2.0.tgz#d2724a3ccbfed89706fac8a894872c979ac74467"
  integrity sha512-eOZERzvCmxS8HWzugj4Uxl8OJxa7T2k1Gi0X5qavwydHIfuSHq2dTD09LOg/XyGq4Zpb5IsR/2OJ5lbOegz78w==
  dependencies:
    toggle-selection "^1.0.6"

css-line-break@1.1.1:
  version "1.1.1"
  resolved "https://registry.yarnpkg.com/css-line-break/-/css-line-break-1.1.1.tgz#d5e9bdd297840099eb0503c7310fd34927a026ef"
  integrity sha512-1feNVaM4Fyzdj4mKPIQNL2n70MmuYzAXZ1aytlROFX1JsOo070OsugwGjj7nl6jnDJWHDM8zRZswkmeYVWZJQA==
  dependencies:
    base64-arraybuffer "^0.2.0"

eslint-config-react-app@^5.1.0:
  version "5.1.0"
  resolved "https://registry.yarnpkg.com/eslint-config-react-app/-/eslint-config-react-app-5.1.0.tgz#a37b3f2d4f56f856f93277281ef52bd791273e63"
  integrity sha512-hBaxisHC6HXRVvxX+/t1n8mOdmCVIKgkXsf2WoUkJi7upHJTwYTsdCmx01QPOjKNT34QMQQ9sL0tVBlbiMFjxA==
  dependencies:
    confusing-browser-globals "^1.0.9"

html2canvas@^1.0.0-rc.5:
  version "1.0.0-rc.5"
  resolved "https://registry.yarnpkg.com/html2canvas/-/html2canvas-1.0.0-rc.5.tgz#4ee3cac9f6e20a0fa0c2f35a6f99c960ae7ec4c1"
  integrity sha512-DtNqPxJNXPoTajs+lVQzGS1SULRI4GQaROeU5R41xH8acffHukxRh/NBVcTBsfCkJSkLq91rih5TpbEwUP9yWA==
  dependencies:
    css-line-break "1.1.1"

"js-tokens@^3.0.0 || ^4.0.0":
  version "4.0.0"
  resolved "https://registry.yarnpkg.com/js-tokens/-/js-tokens-4.0.0.tgz#19203fb59991df98e3a287050d4647cdeaf32499"
  integrity sha512-RdJUflcE3cUzKiMqQgsCu06FPu9UdIJO0beYbPhHN4k6apgJtifcoCtT9bcxOpYBtpD2kCM6Sbzg4CausW/PKQ==

loose-envify@^1.4.0:
  version "1.4.0"
  resolved "https://registry.yarnpkg.com/loose-envify/-/loose-envify-1.4.0.tgz#71ee51fa7be4caec1a63839f7e682d8132d30caf"
  integrity sha512-lyuxPGr/Wfhrlem2CL/UcnUc1zcqKAImBDzukY7Y5F/yQiNdko6+fRLevlw1HgMySw7f611UIY408EtxRSoK3Q==
  dependencies:
    js-tokens "^3.0.0 || ^4.0.0"

object-assign@^4.1.1:
  version "4.1.1"
  resolved "https://registry.yarnpkg.com/object-assign/-/object-assign-4.1.1.tgz#2109adc7965887cfc05cbbd442cac8bfbb360863"
  integrity sha1-IQmtx5ZYh8/AXLvUQsrIv7s2CGM=

prop-types@^15.5.8:
  version "15.7.2"
  resolved "https://registry.yarnpkg.com/prop-types/-/prop-types-15.7.2.tgz#52c41e75b8c87e72b9d9360e0206b99dcbffa6c5"
  integrity sha512-8QQikdH7//R2vurIJSutZ1smHYTcLpRWEOlHnzcWHmBYrOGUysKwSsrC89BCiFj3CbrfJ/nXFdJepOVrY1GCHQ==
  dependencies:
    loose-envify "^1.4.0"
    object-assign "^4.1.1"
    react-is "^16.8.1"

react-copy-to-clipboard@^5.0.2:
  version "5.0.2"
  resolved "https://registry.yarnpkg.com/react-copy-to-clipboard/-/react-copy-to-clipboard-5.0.2.tgz#d82a437e081e68dfca3761fbd57dbf2abdda1316"
  integrity sha512-/2t5mLMMPuN5GmdXo6TebFa8IoFxZ+KTDDqYhcDm0PhkgEzSxVvIX26G20s1EB02A4h2UZgwtfymZ3lGJm0OLg==
  dependencies:
    copy-to-clipboard "^3"
    prop-types "^15.5.8"

react-is@^16.8.1:
  version "16.12.0"
  resolved "https://registry.yarnpkg.com/react-is/-/react-is-16.12.0.tgz#2cc0fe0fba742d97fd527c42a13bec4eeb06241c"
  integrity sha512-rPCkf/mWBtKc97aLL9/txD8DZdemK0vkA3JMLShjlJB3Pj3s+lpf1KaBzMfQrAmhMQB0n1cU/SUGgKKBCe837Q==

toggle-selection@^1.0.6:
  version "1.0.6"
  resolved "https://registry.yarnpkg.com/toggle-selection/-/toggle-selection-1.0.6.tgz#6e45b1263f2017fa0acc7d89d78b15b8bf77da32"
  integrity sha1-bkWxJj8gF/oKzH2J14sVuL932jI=
